
Microsoft Visual Studio Solution File, Format Version 12.00
# Visual Studio Version 17
VisualStudioVersion = 17.14.37111.16 d17.14
MinimumVisualStudioVersion = 10.0.40219.1
Project("{FAE04EC0-301F-11D3-BF4B-00C04F79EFBC}") = "CICDGroup", "CICDGroup\CICDGroup.csproj", "{639175D2-9270-4752-A7ED-5954EF4802E5}"
EndProject
Global
	GlobalSection(SolutionConfigurationPlatforms) = preSolution
		Debug|Any CPU = Debug|Any CPU
		Release|Any CPU = Release|Any CPU
	EndGlobalSection
	GlobalSection(ProjectConfigurationPlatforms) = postSolution
		{639175D2-9270-4752-A7ED-5954EF4802E5}.Debug|Any CPU.ActiveCfg = Debug|Any CPU
		{639175D2-9270-4752-A7ED-5954EF4802E5}.Debug|Any CPU.Build.0 = Debug|Any CPU
		{639175D2-9270-4752-A7ED-5954EF4802E5}.Release|Any CPU.ActiveCfg = Release|Any CPU
		{639175D2-9270-4752-A7ED-5954EF4802E5}.Release|Any CPU.Build.0 = Release|Any CPU
	EndGlobalSection
	GlobalSection(SolutionProperties) = preSolution
		HideSolutionNode = FALSE
	EndGlobalSection
	GlobalSection(ExtensibilityGlobals) = postSolution
		SolutionGuid = {788329F9-11EF-41F2-86DE-969F5C3AC710}
	EndGlobalSection
EndGlobal
